{
  "requires": true,
  "lockfileVersion": 1,
  "dependencies": {
    "@next/env": {
      "version": "12.3.1",
      "resolved": "https://globaldevtools.bbva.com/artifactory/api/npm/npm-repo/@next/env/-/env-12.3.1.tgz",
      "integrity": "sha1-GCZr2S3jtKpAN7GSeqWebxGHkmA="
    },
    "@next/swc-android-arm-eabi": {
      "version": "12.3.1",
      "resolved": "https://globaldevtools.bbva.com/artifactory/api/npm/npm-repo/@next/swc-android-arm-eabi/-/swc-android-arm-eabi-12.3.1.tgz",
      "integrity": "sha1-sVzorTdhAqO4wPPAF93gUKIrsaM=",
      "optional": true
    },
    "@next/swc-android-arm64": {
      "version": "12.3.1",
      "resolved": "https://globaldevtools.bbva.com/artifactory/api/npm/npm-repo/@next/swc-android-arm64/-/swc-android-arm64-12.3.1.tgz",
      "integrity": "sha1-hdIF9WinkKE3yzw/cg2WGiQ2rJw=",
      "optional": true
    },
    "@next/swc-darwin-arm64": {
      "version": "12.3.1",
      "resolved": "https://globaldevtools.bbva.com/artifactory/api/npm/npm-repo/@next/swc-darwin-arm64/-/swc-darwin-arm64-12.3.1.tgz",
      "integrity": "sha1-sQVFfWdgp5FrJ+Rsl8saQFRxFK4=",
      "optional": true
    },
    "@next/swc-darwin-x64": {
      "version": "12.3.1",
      "resolved": "https://globaldevtools.bbva.com/artifactory/api/npm/npm-repo/@next/swc-darwin-x64/-/swc-darwin-x64-12.3.1.tgz",
      "integrity": "sha1-aUezkIInE3iJawlbZpaneRxuMrE=",
      "optional": true
    },
    "@next/swc-freebsd-x64": {
      "version": "12.3.1",
      "resolved": "https://globaldevtools.bbva.com/artifactory/api/npm/npm-repo/@next/swc-freebsd-x64/-/swc-freebsd-x64-12.3.1.tgz",
      "integrity": "sha1-K2w2pNhKrosOoODam6/Glq4nCFo=",
      "optional": true
    },
    "@next/swc-linux-arm-gnueabihf": {
      "version": "12.3.1",
      "resolved": "https://globaldevtools.bbva.com/artifactory/api/npm/npm-repo/@next/swc-linux-arm-gnueabihf/-/swc-linux-arm-gnueabihf-12.3.1.tgz",
      "integrity": "sha1-bkIcRChc/trB9GMdXeMw3WC4Ypg=",
      "optional": true
    },
    "@next/swc-linux-arm64-gnu": {
      "version": "12.3.1",
      "resolved": "https://globaldevtools.bbva.com/artifactory/api/npm/npm-repo/@next/swc-linux-arm64-gnu/-/swc-linux-arm64-gnu-12.3.1.tgz",
      "integrity": "sha1-iGPwioH0IvkQrxJhWdLLuVUu9xc=",
      "optional": true
    },
    "@next/swc-linux-arm64-musl": {
      "version": "12.3.1",
      "resolved": "https://globaldevtools.bbva.com/artifactory/api/npm/npm-repo/@next/swc-linux-arm64-musl/-/swc-linux-arm64-musl-12.3.1.tgz",
      "integrity": "sha1-ADjwfPCyWdcK4MgIkNgm38d12fM=",
      "optional": true
    },
    "@next/swc-linux-x64-gnu": {
      "version": "12.3.1",
      "resolved": "https://globaldevtools.bbva.com/artifactory/api/npm/npm-repo/@next/swc-linux-x64-gnu/-/swc-linux-x64-gnu-12.3.1.tgz",
      "integrity": "sha1-xmRo9egYH/sJbFN/Db+1ibqmqcE=",
      "optional": true
    },
    "@next/swc-linux-x64-musl": {
      "version": "12.3.1",
      "resolved": "https://globaldevtools.bbva.com/artifactory/api/npm/npm-repo/@next/swc-linux-x64-musl/-/swc-linux-x64-musl-12.3.1.tgz",
      "integrity": "sha1-xiafPpasA5W8cirZfOQQ6lEB0wU=",
      "optional": true
    },
    "@next/swc-win32-arm64-msvc": {
      "version": "12.3.1",
      "resolved": "https://globaldevtools.bbva.com/artifactory/api/npm/npm-repo/@next/swc-win32-arm64-msvc/-/swc-win32-arm64-msvc-12.3.1.tgz",
      "integrity": "sha1-g8Y57pac7jbOJHw6vR2d+Xteyt4=",
      "optional": true
    },
    "@next/swc-win32-ia32-msvc": {
      "version": "12.3.1",
      "resolved": "https://globaldevtools.bbva.com/artifactory/api/npm/npm-repo/@next/swc-win32-ia32-msvc/-/swc-win32-ia32-msvc-12.3.1.tgz",
      "integrity": "sha1-UplXSLkqqK0FNEAwG8LA2fvPJ8I=",
      "optional": true
    },
    "@next/swc-win32-x64-msvc": {
      "version": "12.3.1",
      "resolved": "https://globaldevtools.bbva.com/artifactory/api/npm/npm-repo/@next/swc-win32-x64-msvc/-/swc-win32-x64-msvc-12.3.1.tgz",
      "integrity": "sha1-J9calSR6nq7gPUet7n471ZRRQTY=",
      "optional": true
    },
    "@swc/helpers": {
      "version": "0.4.11",
      "resolved": "https://globaldevtools.bbva.com/artifactory/api/npm/npm-repo/@swc/helpers/-/helpers-0.4.11.tgz",
      "integrity": "sha1-2yOjdnYbPTHCZQISLzSaIbWSyN4=",
      "requires": {
        "tslib": "^2.4.0"
      }
    },
    "@types/node": {
      "version": "18.11.0",
      "resolved": "https://globaldevtools.bbva.com/artifactory/api/npm/npm-repo/@types/node/-/node-18.11.0.tgz",
      "integrity": "sha1-84xxOSR6HWGfbMbyewcmBq98KJ0=",
      "dev": true
    },
    "@types/prop-types": {
      "version": "15.7.5",
      "resolved": "https://globaldevtools.bbva.com/artifactory/api/npm/npm-repo/@types/prop-types/-/prop-types-15.7.5.tgz",
      "integrity": "sha1-XxnSuFqY6VWANvajysyIGUIPBc8=",
      "dev": true
    },
    "@types/react": {
      "version": "18.0.21",
      "resolved": "https://globaldevtools.bbva.com/artifactory/api/npm/npm-repo/@types/react/-/react-18.0.21.tgz",
      "integrity": "sha1-uCCelia7AKNMdvVUgml+3StDzGc=",
      "dev": true,
      "requires": {
        "@types/prop-types": "*",
        "@types/scheduler": "*",
        "csstype": "^3.0.2"
      }
    },
    "@types/scheduler": {
      "version": "0.16.2",
      "resolved": "https://globaldevtools.bbva.com/artifactory/api/npm/npm-repo/@types/scheduler/-/scheduler-0.16.2.tgz",
      "integrity": "sha1-GmL4lSVyPd4kuhsBsJK/XfitTTk=",
      "dev": true
    },
    "anymatch": {
      "version": "3.1.2",
      "resolved": "https://globaldevtools.bbva.com/artifactory/api/npm/npm-repo/anymatch/-/anymatch-3.1.2.tgz",
      "integrity": "sha1-wFV8CWrzLxBhmPT04qODU343hxY=",
      "dev": true,
      "requires": {
        "normalize-path": "^3.0.0",
        "picomatch": "^2.0.4"
      }
    },
    "binary-extensions": {
      "version": "2.2.0",
      "resolved": "https://globaldevtools.bbva.com/artifactory/api/npm/npm-repo/binary-extensions/-/binary-extensions-2.2.0.tgz",
      "integrity": "sha1-dfUC7q+f/eQvyYgpZFvk6na9ni0=",
      "dev": true
    },
    "braces": {
      "version": "3.0.2",
      "resolved": "https://globaldevtools.bbva.com/artifactory/api/npm/npm-repo/braces/-/braces-3.0.2.tgz",
      "integrity": "sha1-NFThpGLujVmeI23zNs2epPiv4Qc=",
      "dev": true,
      "requires": {
        "fill-range": "^7.0.1"
      }
    },
    "caniuse-lite": {
      "version": "1.0.30001419",
      "resolved": "https://globaldevtools.bbva.com/artifactory/api/npm/npm-repo/caniuse-lite/-/caniuse-lite-1.0.30001419.tgz",
      "integrity": "sha1-NUJyLVfVZ8ghDV5ND58XM2t3ZFc="
    },
    "chokidar": {
      "version": "3.5.3",
      "resolved": "https://globaldevtools.bbva.com/artifactory/api/npm/npm-repo/chokidar/-/chokidar-3.5.3.tgz",
      "integrity": "sha1-HPN8hwe5Mr0a8a4iwEMuKs0ZA70=",
      "dev": true,
      "requires": {
        "anymatch": "~3.1.2",
        "braces": "~3.0.2",
        "fsevents": "~2.3.2",
        "glob-parent": "~5.1.2",
        "is-binary-path": "~2.1.0",
        "is-glob": "~4.0.1",
        "normalize-path": "~3.0.0",
        "readdirp": "~3.6.0"
      }
    },
    "csstype": {
      "version": "3.1.1",
      "resolved": "https://globaldevtools.bbva.com/artifactory/api/npm/npm-repo/csstype/-/csstype-3.1.1.tgz",
      "integrity": "sha1-hBtTLEXHWO5UahHVvXt7RzyMMLk=",
      "dev": true
    },
    "fill-range": {
      "version": "7.0.1",
      "resolved": "https://globaldevtools.bbva.com/artifactory/api/npm/npm-repo/fill-range/-/fill-range-7.0.1.tgz",
      "integrity": "sha1-GRmmp8df44ssfHflGYU12prN2kA=",
      "dev": true,
      "requires": {
        "to-regex-range": "^5.0.1"
      }
    },
    "fsevents": {
      "version": "2.3.2",
      "resolved": "https://globaldevtools.bbva.com/artifactory/api/npm/npm-repo/fsevents/-/fsevents-2.3.2.tgz",
      "integrity": "sha1-ilJveLj99GI7cJ4Ll1xSwkwC/Ro=",
      "dev": true,
      "optional": true
    },
    "glob-parent": {
      "version": "5.1.2",
      "resolved": "https://globaldevtools.bbva.com/artifactory/api/npm/npm-repo/glob-parent/-/glob-parent-5.1.2.tgz",
      "integrity": "sha1-hpgyxYA0/mikCTwX3BXoNA2EAcQ=",
      "dev": true,
      "requires": {
        "is-glob": "^4.0.1"
      }
    },
    "immutable": {
      "version": "4.1.0",
      "resolved": "https://globaldevtools.bbva.com/artifactory/api/npm/npm-repo/immutable/-/immutable-4.1.0.tgz",
      "integrity": "sha1-95V4fw23gBgzB7nrIJH8rB9vr+8=",
      "dev": true
    },
    "is-binary-path": {
      "version": "2.1.0",
      "resolved": "https://globaldevtools.bbva.com/artifactory/api/npm/npm-repo/is-binary-path/-/is-binary-path-2.1.0.tgz",
      "integrity": "sha1-6h9/O4DwZCNug0cPhsCcJU+0Wwk=",
      "dev": true,
      "requires": {
        "binary-extensions": "^2.0.0"
      }
    },
    "is-extglob": {
      "version": "2.1.1",
      "resolved": "https://globaldevtools.bbva.com/artifactory/api/npm/npm-repo/is-extglob/-/is-extglob-2.1.1.tgz",
      "integrity": "sha1-qIwCU1eR8C7TfHahueqXc8gz+MI=",
      "dev": true
    },
    "is-glob": {
      "version": "4.0.3",
      "resolved": "https://globaldevtools.bbva.com/artifactory/api/npm/npm-repo/is-glob/-/is-glob-4.0.3.tgz",
      "integrity": "sha1-ZPYeQsu7LuwgcanawLKLoeZdUIQ=",
      "dev": true,
      "requires": {
        "is-extglob": "^2.1.1"
      }
    },
    "is-number": {
      "version": "7.0.0",
      "resolved": "https://globaldevtools.bbva.com/artifactory/api/npm/npm-repo/is-number/-/is-number-7.0.0.tgz",
      "integrity": "sha1-dTU0W4lnNNX4DE0GxQlVUnoU8Ss=",
      "dev": true
    },
    "js-tokens": {
      "version": "4.0.0",
      "resolved": "https://globaldevtools.bbva.com/artifactory/api/npm/npm-repo/js-tokens/-/js-tokens-4.0.0.tgz",
      "integrity": "sha1-GSA/tZmR35jjoocFDUZHzerzJJk="
    },
    "loose-envify": {
      "version": "1.4.0",
      "resolved": "https://globaldevtools.bbva.com/artifactory/api/npm/npm-repo/loose-envify/-/loose-envify-1.4.0.tgz",
      "integrity": "sha1-ce5R+nvkyuwaY4OffmgtgTLTDK8=",
      "requires": {
        "js-tokens": "^3.0.0 || ^4.0.0"
      }
    },
    "nanoid": {
      "version": "3.3.4",
      "resolved": "https://globaldevtools.bbva.com/artifactory/api/npm/npm-repo/nanoid/-/nanoid-3.3.4.tgz",
      "integrity": "sha1-cwtn480J4t6s8DwCfIHJ2dvF6Ks="
    },
    "next": {
      "version": "12.3.1",
      "resolved": "https://globaldevtools.bbva.com/artifactory/api/npm/npm-repo/next/-/next-12.3.1.tgz",
      "integrity": "sha1-EnuCWtIgf6+GmzM5PsjHX+YeUPE=",
      "requires": {
        "@next/env": "12.3.1",
        "@next/swc-android-arm-eabi": "12.3.1",
        "@next/swc-android-arm64": "12.3.1",
        "@next/swc-darwin-arm64": "12.3.1",
        "@next/swc-darwin-x64": "12.3.1",
        "@next/swc-freebsd-x64": "12.3.1",
        "@next/swc-linux-arm-gnueabihf": "12.3.1",
        "@next/swc-linux-arm64-gnu": "12.3.1",
        "@next/swc-linux-arm64-musl": "12.3.1",
        "@next/swc-linux-x64-gnu": "12.3.1",
        "@next/swc-linux-x64-musl": "12.3.1",
        "@next/swc-win32-arm64-msvc": "12.3.1",
        "@next/swc-win32-ia32-msvc": "12.3.1",
        "@next/swc-win32-x64-msvc": "12.3.1",
        "@swc/helpers": "0.4.11",
        "caniuse-lite": "^1.0.30001406",
        "postcss": "8.4.14",
        "styled-jsx": "5.0.7",
        "use-sync-external-store": "1.2.0"
      }
    },
    "normalize-path": {
      "version": "3.0.0",
      "resolved": "https://globaldevtools.bbva.com/artifactory/api/npm/npm-repo/normalize-path/-/normalize-path-3.0.0.tgz",
      "integrity": "sha1-Dc1p/yOhybEf0JeDFmRKA4ghamU=",
      "dev": true
    },
    "normalize.css": {
      "version": "8.0.1",
      "resolved": "https://globaldevtools.bbva.com/artifactory/api/npm/npm-repo/normalize.css/-/normalize.css-8.0.1.tgz",
      "integrity": "sha1-m5iiCHOLnMJjTKrLxC0THJdIe/M="
    },
    "object-assign": {
      "version": "4.1.1",
      "resolved": "https://globaldevtools.bbva.com/artifactory/api/npm/npm-repo/object-assign/-/object-assign-4.1.1.tgz",
      "integrity": "sha1-IQmtx5ZYh8/AXLvUQsrIv7s2CGM="
    },
    "picocolors": {
      "version": "1.0.0",
      "resolved": "https://globaldevtools.bbva.com/artifactory/api/npm/npm-repo/picocolors/-/picocolors-1.0.0.tgz",
      "integrity": "sha1-y1vcdP8/UYkiNur3nWi8RFZKuBw="
    },
    "picomatch": {
      "version": "2.3.1",
      "resolved": "https://globaldevtools.bbva.com/artifactory/api/npm/npm-repo/picomatch/-/picomatch-2.3.1.tgz",
      "integrity": "sha1-O6ODNzNkbZ0+SZWUbBNlpn+wekI=",
      "dev": true
    },
    "postcss": {
      "version": "8.4.14",
      "resolved": "https://globaldevtools.bbva.com/artifactory/api/npm/npm-repo/postcss/-/postcss-8.4.14.tgz",
      "integrity": "sha1-7pJ01WIrSFjBAHp0125C5W/SHK8=",
      "requires": {
        "nanoid": "^3.3.4",
        "picocolors": "^1.0.0",
        "source-map-js": "^1.0.2"
      }
    },
    "prettier": {
      "version": "2.7.1",
      "resolved": "https://globaldevtools.bbva.com/artifactory/api/npm/npm-repo/prettier/-/prettier-2.7.1.tgz",
      "integrity": "sha1-4jWAaFDQV/l7sINopPfYmfd2DGQ="
    },
    "react": {
      "version": "17.0.2",
      "resolved": "https://globaldevtools.bbva.com/artifactory/api/npm/npm-repo/react/-/react-17.0.2.tgz",
      "integrity": "sha1-0LXMUW0p6z7uOD91tihkz7aAADc=",
      "requires": {
        "loose-envify": "^1.1.0",
        "object-assign": "^4.1.1"
      }
    },
    "react-dom": {
      "version": "17.0.2",
      "resolved": "https://globaldevtools.bbva.com/artifactory/api/npm/npm-repo/react-dom/-/react-dom-17.0.2.tgz",
      "integrity": "sha1-7P+2hF462Nv83EmPDQqTlzZQLCM=",
      "requires": {
        "loose-envify": "^1.1.0",
        "object-assign": "^4.1.1",
        "scheduler": "^0.20.2"
      }
    },
    "readdirp": {
      "version": "3.6.0",
      "resolved": "https://globaldevtools.bbva.com/artifactory/api/npm/npm-repo/readdirp/-/readdirp-3.6.0.tgz",
      "integrity": "sha1-dKNwvYVxFuJFspzJc0DNQxoCpsc=",
      "dev": true,
      "requires": {
        "picomatch": "^2.2.1"
      }
    },
    "sass": {
      "version": "1.55.0",
      "resolved": "https://globaldevtools.bbva.com/artifactory/api/npm/npm-repo/sass/-/sass-1.55.0.tgz",
      "integrity": "sha1-DE08KTz+j4oujTtmbhzxv/gGXRw=",
      "dev": true,
      "requires": {
        "chokidar": ">=3.0.0 <4.0.0",
        "immutable": "^4.0.0",
        "source-map-js": ">=0.6.2 <2.0.0"
      }
    },
    "scheduler": {
      "version": "0.20.2",
      "resolved": "https://globaldevtools.bbva.com/artifactory/api/npm/npm-repo/scheduler/-/scheduler-0.20.2.tgz",
      "integrity": "sha1-S67jlDbjSqk7SHS93L8P6Li1DpE=",
      "requires": {
        "loose-envify": "^1.1.0",
        "object-assign": "^4.1.1"
      }
    },
    "source-map-js": {
      "version": "1.0.2",
      "resolved": "https://globaldevtools.bbva.com/artifactory/api/npm/npm-repo/source-map-js/-/source-map-js-1.0.2.tgz",
      "integrity": "sha1-rbw2HZxi3zgBJefxYfccgm8eSQw="
    },
    "styled-jsx": {
      "version": "5.0.7",
      "resolved": "https://globaldevtools.bbva.com/artifactory/api/npm/npm-repo/styled-jsx/-/styled-jsx-5.0.7.tgz",
      "integrity": "sha1-vkSvxTdxuYN2msZU01XKjQGd/0g="
    },
    "to-regex-range": {
      "version": "5.0.1",
      "resolved": "https://globaldevtools.bbva.com/artifactory/api/npm/npm-repo/to-regex-range/-/to-regex-range-5.0.1.tgz",
      "integrity": "sha1-FkjESq58jZiKMmAY7XL1tN0DkuQ=",
      "dev": true,
      "requires": {
        "is-number": "^7.0.0"
      }
    },
    "tslib": {
      "version": "2.4.0",
      "resolved": "https://globaldevtools.bbva.com/artifactory/api/npm/npm-repo/tslib/-/tslib-2.4.0.tgz",
      "integrity": "sha1-fOyqfwc85oCgWEeqd76UEJjzbcM="
    },
    "typescript": {
      "version": "4.8.4",
      "resolved": "https://globaldevtools.bbva.com/artifactory/api/npm/npm-repo/typescript/-/typescript-4.8.4.tgz",
      "integrity": "sha1-xGSryhWWaVl75flriUNQCyOOYOY=",
      "dev": true
    },
    "use-sync-external-store": {
      "version": "1.2.0",
      "resolved": "https://globaldevtools.bbva.com/artifactory/api/npm/npm-repo/use-sync-external-store/-/use-sync-external-store-1.2.0.tgz",
      "integrity": "sha1-fb79bvP+TnZ6DPXXKHqs+1hGkoo="
    }
  }
}
